
Microsoft Visual Studio Solution File, Format Version 12.00
# Visual Studio Version 16
VisualStudioVersion = 16.0.28803.156
MinimumVisualStudioVersion = 10.0.40219.1
Project("{FAE04EC0-301F-11D3-BF4B-00C04F79EFBC}") = "psstartday3", "psstartday3\psstartday3.csproj", "{D72FC4F5-E67B-4A95-B09C-A1916667BDF6}"
EndProject
Global
	GlobalSection(SolutionConfigurationPlatforms) = preSolution
		Debug|Any CPU = Debug|Any CPU
		Release|Any CPU = Release|Any CPU
	EndGlobalSection
	GlobalSection(ProjectConfigurationPlatforms) = postSolution
		{D72FC4F5-E67B-4A95-B09C-A1916667BDF6}.Debug|Any CPU.ActiveCfg = Debug|Any CPU
		{D72FC4F5-E67B-4A95-B09C-A1916667BDF6}.Debug|Any CPU.Build.0 = Debug|Any CPU
		{D72FC4F5-E67B-4A95-B09C-A1916667BDF6}.Release|Any CPU.ActiveCfg = Release|Any CPU
		{D72FC4F5-E67B-4A95-B09C-A1916667BDF6}.Release|Any CPU.Build.0 = Release|Any CPU
	EndGlobalSection
	GlobalSection(SolutionProperties) = preSolution
		HideSolutionNode = FALSE
	EndGlobalSection
	GlobalSection(ExtensibilityGlobals) = postSolution
		SolutionGuid = {F85A238B-427D-454F-A06B-4039F9F1E108}
	EndGlobalSection
EndGlobal
